
Microsoft Visual Studio Solution File, Format Version 12.00
# Visual Studio Version 17
VisualStudioVersion = 17.9.34723.18
MinimumVisualStudioVersion = 10.0.40219.1
Project("{8BC9CEB8-8B4A-11D0-8D11-00A0C91BC942}") = "AuctionServer", "AuctionServer\AuctionServer.vcxproj", "{937E3F6E-BE6F-43BC-AF84-79103D580EB2}"
EndProject
Global
	GlobalSection(SolutionConfigurationPlatforms) = preSolution
		Debug|x64 = Debug|x64
		Debug|x86 = Debug|x86
		Release|x64 = Release|x64
		Release|x86 = Release|x86
	EndGlobalSection
	GlobalSection(ProjectConfigurationPlatforms) = postSolution
		{937E3F6E-BE6F-43BC-AF84-79103D580EB2}.Debug|x64.ActiveCfg = Debug|x64
		{937E3F6E-BE6F-43BC-AF84-79103D580EB2}.Debug|x64.Build.0 = Debug|x64
		{937E3F6E-BE6F-43BC-AF84-79103D580EB2}.Debug|x86.ActiveCfg = Debug|Win32
		{937E3F6E-BE6F-43BC-AF84-79103D580EB2}.Debug|x86.Build.0 = Debug|Win32
		{937E3F6E-BE6F-43BC-AF84-79103D580EB2}.Release|x64.ActiveCfg = Release|x64
		{937E3F6E-BE6F-43BC-AF84-79103D580EB2}.Release|x64.Build.0 = Release|x64
		{937E3F6E-BE6F-43BC-AF84-79103D580EB2}.Release|x86.ActiveCfg = Release|Win32
		{937E3F6E-BE6F-43BC-AF84-79103D580EB2}.Release|x86.Build.0 = Release|Win32
	EndGlobalSection
	GlobalSection(SolutionProperties) = preSolution
		HideSolutionNode = FALSE
	EndGlobalSection
	GlobalSection(ExtensibilityGlobals) = postSolution
		SolutionGuid = {F0BB3FA8-D2F5-40C8-BA49-D06D324F6C52}
	EndGlobalSection
EndGlobal
